Microsoft Visual Studio Solution File, Format Version 12.00
# Visual Studio 2012
Project("{FAE04EC0-301F-11D3-BF4B-00C04F79EFBC}") = "PageWidth", "PageWidth.csproj", "{09AFB583-9A0F-4B72-80F7-E97E3A78A82E}"
EndProject
Global
	GlobalSection(SolutionConfigurationPlatforms) = preSolution
		Debug|Any CPU = Debug|Any CPU
		Release|Any CPU = Release|Any CPU
	EndGlobalSection
	GlobalSection(ProjectConfigurationPlatforms) = postSolution
		{09AFB583-9A0F-4B72-80F7-E97E3A78A82E}.Debug|Any CPU.ActiveCfg = Debug|Any CPU
		{09AFB583-9A0F-4B72-80F7-E97E3A78A82E}.Debug|Any CPU.Build.0 = Debug|Any CPU
		{09AFB583-9A0F-4B72-80F7-E97E3A78A82E}.Release|Any CPU.ActiveCfg = Release|Any CPU
		{09AFB583-9A0F-4B72-80F7-E97E3A78A82E}.Release|Any CPU.Build.0 = Release|Any CPU
	EndGlobalSection
	GlobalSection(SolutionProperties) = preSolution
		HideSolutionNode = FALSE
	EndGlobalSection
EndGlobal
